
Microsoft Visual Studio Solution File, Format Version 12.00
# Visual Studio Version 16
VisualStudioVersion = 16.0.29911.84
MinimumVisualStudioVersion = 10.0.40219.1
Project("{FAE04EC0-301F-11D3-BF4B-00C04F79EFBC}") = "SqlTools", "SqlTools\SqlTools.csproj", "{E1064579-1312-41C0-8BAF-16FA8AE59AD2}"
EndProject
Global
	GlobalSection(SolutionConfigurationPlatforms) = preSolution
		Debug|Any CPU = Debug|Any CPU
		Release|Any CPU = Release|Any CPU
	EndGlobalSection
	GlobalSection(ProjectConfigurationPlatforms) = postSolution
		{E1064579-1312-41C0-8BAF-16FA8AE59AD2}.Debug|Any CPU.ActiveCfg = Debug|Any CPU
		{E1064579-1312-41C0-8BAF-16FA8AE59AD2}.Debug|Any CPU.Build.0 = Debug|Any CPU
		{E1064579-1312-41C0-8BAF-16FA8AE59AD2}.Release|Any CPU.ActiveCfg = Release|Any CPU
		{E1064579-1312-41C0-8BAF-16FA8AE59AD2}.Release|Any CPU.Build.0 = Release|Any CPU
	EndGlobalSection
	GlobalSection(SolutionProperties) = preSolution
		HideSolutionNode = FALSE
	EndGlobalSection
	GlobalSection(ExtensibilityGlobals) = postSolution
		SolutionGuid = {5EDA7926-6956-4016-8752-00CAC612B8B8}
	EndGlobalSection
EndGlobal
